
Microsoft Visual Studio Solution File, Format Version 12.00
# Visual Studio 15
VisualStudioVersion = 15.0.28307.489
MinimumVisualStudioVersion = 10.0.40219.1
Project("{FAE04EC0-301F-11D3-BF4B-00C04F79EFBC}") = "News_Project", "News_Project\News_Project.csproj", "{9238DB44-C5F1-4A1E-8199-3710D3CD06F6}"
EndProject
Global
	GlobalSection(SolutionConfigurationPlatforms) = preSolution
		Debug|Any CPU = Debug|Any CPU
		Release|Any CPU = Release|Any CPU
	EndGlobalSection
	GlobalSection(ProjectConfigurationPlatforms) = postSolution
		{9238DB44-C5F1-4A1E-8199-3710D3CD06F6}.Debug|Any CPU.ActiveCfg = Debug|Any CPU
		{9238DB44-C5F1-4A1E-8199-3710D3CD06F6}.Debug|Any CPU.Build.0 = Debug|Any CPU
		{9238DB44-C5F1-4A1E-8199-3710D3CD06F6}.Release|Any CPU.ActiveCfg = Release|Any CPU
		{9238DB44-C5F1-4A1E-8199-3710D3CD06F6}.Release|Any CPU.Build.0 = Release|Any CPU
	EndGlobalSection
	GlobalSection(SolutionProperties) = preSolution
		HideSolutionNode = FALSE
	EndGlobalSection
	GlobalSection(ExtensibilityGlobals) = postSolution
		SolutionGuid = {0DE758E1-83D5-4DE5-A3FC-761AFC275518}
	EndGlobalSection
EndGlobal
